<Solution>
  <Project Path="Agitprop.AppHost/Agitprop.AppHost.csproj" />
  <Project Path="Agitprop.CLI/Agitprop.CLI.csproj" />
  <Project Path="Agitprop.Core/Agitprop.Core.csproj" />
  <Project Path="Agitprop.Infrastructure.Puppeteer/Agitprop.Infrastructure.Puppeteer.csproj" />
  <Project Path="Agitprop.Infrastructure/Agitprop.Infrastructure.csproj" />
  <Project Path="Agitprop.Scraper.Consumer/Agitprop.Scraper.Consumer.csproj" />
  <Project Path="Agitprop.Scraper.NLPService/Agitprop.Scraper.NLPService.csproj" />
  <Project Path="Agitprop.Scraper.RssFeedReader/Agitprop.Scraper.RssFeedReader.csproj" />
  <Project Path="Agitprop.ServiceDefaults/Agitprop.ServiceDefaults.csproj" />
  <Project Path="Agitprop.Sinks.Newsfeed/Agitprop.Sinks.Newsfeed.csproj" />
  <Project Path="Agitprop.Sinks.Newsfeed_Test/Agitprop.Sinks.Newsfeed_Test.csproj" />
  <Project Path="Agitprop.Web.Api/Agitprop.Web.Api.csproj" />
</Solution>
